{
  "requires": true,
  "lockfileVersion": 1,
  "dependencies": {
    "cordova-plugin-inappbrowser": {
      "version": "5.0.0",
      "resolved": "https://registry.npmjs.org/cordova-plugin-inappbrowser/-/cordova-plugin-inappbrowser-5.0.0.tgz",
      "integrity": "sha512-MqnpmUQ/iy6hxtIGDdlIhy8aNi1pNanLATpbnkk7uCqW9YQ4rH/dGK9zESbZ50pUi2A2D2QMjBXNV175TJK5OQ==",
      "dev": true
    },
    "cordova-plugin-x-socialsharing": {
      "version": "6.0.3",
      "resolved": "https://registry.npmjs.org/cordova-plugin-x-socialsharing/-/cordova-plugin-x-socialsharing-6.0.3.tgz",
      "integrity": "sha512-pnrE2CXsz4G0n0WoFDAasLS1VT3nIsNpddvXgfpiqX3wyOlSjO2NdF+sjYaTvs1B+f7z8EWbYCHpCrgBQiMLIg==",
      "dev": true
    }
  }
}
